
Microsoft Visual Studio Solution File, Format Version 12.00
# Visual Studio Version 16
VisualStudioVersion = 16.0.30717.126
MinimumVisualStudioVersion = 10.0.40219.1
Project("{FAE04EC0-301F-11D3-BF4B-00C04F79EFBC}") = "DSGTestNet", "DSGTestNet\DSGTestNet.csproj", "{1CB5CF7D-1CA8-4EEE-9C0E-3E2FF814E5A8}"
EndProject
Project("{FAE04EC0-301F-11D3-BF4B-00C04F79EFBC}") = "FrameWork.Model", "FrameWork.Model\FrameWork.Model.csproj", "{4F21F768-49A1-4853-9FF4-5994F3529269}"
EndProject
Global
	GlobalSection(SolutionConfigurationPlatforms) = preSolution
		Debug|Any CPU = Debug|Any CPU
		Release|Any CPU = Release|Any CPU
	EndGlobalSection
	GlobalSection(ProjectConfigurationPlatforms) = postSolution
		{1CB5CF7D-1CA8-4EEE-9C0E-3E2FF814E5A8}.Debug|Any CPU.ActiveCfg = Debug|Any CPU
		{1CB5CF7D-1CA8-4EEE-9C0E-3E2FF814E5A8}.Debug|Any CPU.Build.0 = Debug|Any CPU
		{1CB5CF7D-1CA8-4EEE-9C0E-3E2FF814E5A8}.Release|Any CPU.ActiveCfg = Release|Any CPU
		{1CB5CF7D-1CA8-4EEE-9C0E-3E2FF814E5A8}.Release|Any CPU.Build.0 = Release|Any CPU
		{4F21F768-49A1-4853-9FF4-5994F3529269}.Debug|Any CPU.ActiveCfg = Debug|Any CPU
		{4F21F768-49A1-4853-9FF4-5994F3529269}.Debug|Any CPU.Build.0 = Debug|Any CPU
		{4F21F768-49A1-4853-9FF4-5994F3529269}.Release|Any CPU.ActiveCfg = Release|Any CPU
		{4F21F768-49A1-4853-9FF4-5994F3529269}.Release|Any CPU.Build.0 = Release|Any CPU
	EndGlobalSection
	GlobalSection(SolutionProperties) = preSolution
		HideSolutionNode = FALSE
	EndGlobalSection
	GlobalSection(ExtensibilityGlobals) = postSolution
		SolutionGuid = {EFB64DB1-E547-471A-B2AA-8CE30651F972}
	EndGlobalSection
EndGlobal
