
Microsoft Visual Studio Solution File, Format Version 12.00
# Visual Studio 2013
VisualStudioVersion = 12.0.21005.1
MinimumVisualStudioVersion = 10.0.40219.1
Project("{FAE04EC0-301F-11D3-BF4B-00C04F79EFBC}") = "HTJCSys.WebApi", "HTJCSys.WebApi\HTJCSys.WebApi\HTJCSys.WebApi.csproj", "{DD550B5C-3E8B-4DDC-B243-FCE8561FEC4E}"
EndProject
Project("{FAE04EC0-301F-11D3-BF4B-00C04F79EFBC}") = "HTJCSys.WebApi.MDL", "HTJCSys.WebApi\HTJCSys.WebApi.MDL\HTJCSys.WebApi.MDL.csproj", "{F1413662-3D66-4C5E-AB56-03D9BE21939B}"
EndProject
Project("{FAE04EC0-301F-11D3-BF4B-00C04F79EFBC}") = "HTJCSys.WebApi.DAL", "HTJCSys.WebApi\HTJCSys.WebApi.DAL\HTJCSys.WebApi.DAL.csproj", "{89141705-40DE-4BF4-A6B2-95769A033950}"
EndProject
Project("{FAE04EC0-301F-11D3-BF4B-00C04F79EFBC}") = "HTJCSys.WebApi.COM", "HTJCSys.WebApi\HTJCSys.WebApi.COM\HTJCSys.WebApi.COM.csproj", "{E1223EF9-C29C-473A-B27D-89CEB47529AB}"
EndProject
Project("{2150E333-8FDC-42A3-9474-1A3956D46DE8}") = "Solution Items", "Solution Items", "{CCF0E8B7-C01A-4CA5-8D55-76E65C3A4674}"
	ProjectSection(SolutionItems) = preProject
		..\README.md = ..\README.md
	EndProjectSection
EndProject
Global
	GlobalSection(SolutionConfigurationPlatforms) = preSolution
		Debug|Any CPU = Debug|Any CPU
		Release|Any CPU = Release|Any CPU
	EndGlobalSection
	GlobalSection(ProjectConfigurationPlatforms) = postSolution
		{DD550B5C-3E8B-4DDC-B243-FCE8561FEC4E}.Debug|Any CPU.ActiveCfg = Debug|Any CPU
		{DD550B5C-3E8B-4DDC-B243-FCE8561FEC4E}.Debug|Any CPU.Build.0 = Debug|Any CPU
		{DD550B5C-3E8B-4DDC-B243-FCE8561FEC4E}.Release|Any CPU.ActiveCfg = Release|Any CPU
		{DD550B5C-3E8B-4DDC-B243-FCE8561FEC4E}.Release|Any CPU.Build.0 = Release|Any CPU
		{F1413662-3D66-4C5E-AB56-03D9BE21939B}.Debug|Any CPU.ActiveCfg = Debug|Any CPU
		{F1413662-3D66-4C5E-AB56-03D9BE21939B}.Debug|Any CPU.Build.0 = Debug|Any CPU
		{F1413662-3D66-4C5E-AB56-03D9BE21939B}.Release|Any CPU.ActiveCfg = Release|Any CPU
		{F1413662-3D66-4C5E-AB56-03D9BE21939B}.Release|Any CPU.Build.0 = Release|Any CPU
		{89141705-40DE-4BF4-A6B2-95769A033950}.Debug|Any CPU.ActiveCfg = Debug|Any CPU
		{89141705-40DE-4BF4-A6B2-95769A033950}.Debug|Any CPU.Build.0 = Debug|Any CPU
		{89141705-40DE-4BF4-A6B2-95769A033950}.Release|Any CPU.ActiveCfg = Release|Any CPU
		{89141705-40DE-4BF4-A6B2-95769A033950}.Release|Any CPU.Build.0 = Release|Any CPU
		{E1223EF9-C29C-473A-B27D-89CEB47529AB}.Debug|Any CPU.ActiveCfg = Debug|Any CPU
		{E1223EF9-C29C-473A-B27D-89CEB47529AB}.Debug|Any CPU.Build.0 = Debug|Any CPU
		{E1223EF9-C29C-473A-B27D-89CEB47529AB}.Release|Any CPU.ActiveCfg = Release|Any CPU
		{E1223EF9-C29C-473A-B27D-89CEB47529AB}.Release|Any CPU.Build.0 = Release|Any CPU
	EndGlobalSection
	GlobalSection(SolutionProperties) = preSolution
		HideSolutionNode = FALSE
	EndGlobalSection
EndGlobal
